
Microsoft Visual Studio Solution File, Format Version 12.00
# Visual Studio 15
VisualStudioVersion = 15.0.28010.2036
MinimumVisualStudioVersion = 10.0.40219.1
Project("{9A19103F-16F7-4668-BE54-9A1E7A4F7556}") = "DatingApp.API", "DatingApp.API\DatingApp.API.csproj", "{37703F77-0B35-4AE2-A75A-0BCBBFF70AF1}"
EndProject
Global
	GlobalSection(SolutionConfigurationPlatforms) = preSolution
		Debug|Any CPU = Debug|Any CPU
		Release|Any CPU = Release|Any CPU
	EndGlobalSection
	GlobalSection(ProjectConfigurationPlatforms) = postSolution
		{37703F77-0B35-4AE2-A75A-0BCBBFF70AF1}.Debug|Any CPU.ActiveCfg = Debug|Any CPU
		{37703F77-0B35-4AE2-A75A-0BCBBFF70AF1}.Debug|Any CPU.Build.0 = Debug|Any CPU
		{37703F77-0B35-4AE2-A75A-0BCBBFF70AF1}.Release|Any CPU.ActiveCfg = Release|Any CPU
		{37703F77-0B35-4AE2-A75A-0BCBBFF70AF1}.Release|Any CPU.Build.0 = Release|Any CPU
	EndGlobalSection
	GlobalSection(SolutionProperties) = preSolution
		HideSolutionNode = FALSE
	EndGlobalSection
	GlobalSection(ExtensibilityGlobals) = postSolution
		SolutionGuid = {70C5DB2A-C8A7-42A9-97BD-45C4FEEE12F5}
	EndGlobalSection
EndGlobal
